// !$*UTF8*$!
{
	archiveVersion = 1;
	classes = {
	};
	objectVersion = 46;
	objects = {

/* Begin PBXBuildFile section */
		3D143A981DA329B300CE3953 /* UmbrellaSprite.swift in Sources */ = {isa = PBXBuildFile; fileRef = 3D143A971DA329B300CE3953 /* UmbrellaSprite.swift */; };
		3D143A9B1DA43FEC00CE3953 /* Constants.swift in Sources */ = {isa = PBXBuildFile; fileRef = 3D143A9A1DA43FEC00CE3953 /* Constants.swift */; };
		3D143A9D1DA44F9600CE3953 /* CatSprite.swift in Sources */ = {isa = PBXBuildFile; fileRef = 3D143A9C1DA44F9600CE3953 /* CatSprite.swift */; };
		3D143A9F1DA4792D00CE3953 /* FoodSprite.swift in Sources */ = {isa = PBXBuildFile; fileRef = 3D143A9E1DA4792D00CE3953 /* FoodSprite.swift */; };
		3D5C25DF1DA6CF3A00CDA655 /* Pixel Digivolve.otf in Resources */ = {isa = PBXBuildFile; fileRef = 3D5C25DE1DA6CF3A00CDA655 /* Pixel Digivolve.otf */; };
		3D7B4D2E1DA56EDF00D0C831 /* cat_meow_1.mp3 in Resources */ = {isa = PBXBuildFile; fileRef = 3D7B4D271DA56EDF00D0C831 /* cat_meow_1.mp3 */; };
		3D7B4D2F1DA56EDF00D0C831 /* cat_meow_2.mp3 in Resources */ = {isa = PBXBuildFile; fileRef = 3D7B4D281DA56EDF00D0C831 /* cat_meow_2.mp3 */; };
		3D7B4D301DA56EDF00D0C831 /* cat_meow_3.mp3 in Resources */ = {isa = PBXBuildFile; fileRef = 3D7B4D291DA56EDF00D0C831 /* cat_meow_3.mp3 */; };
		3D7B4D311DA56EDF00D0C831 /* cat_meow_4.mp3 in Resources */ = {isa = PBXBuildFile; fileRef = 3D7B4D2A1DA56EDF00D0C831 /* cat_meow_4.mp3 */; };
		3D7B4D321DA56EDF00D0C831 /* cat_meow_5.wav in Resources */ = {isa = PBXBuildFile; fileRef = 3D7B4D2B1DA56EDF00D0C831 /* cat_meow_5.wav */; };
		3D7B4D331DA56EDF00D0C831 /* cat_meow_6.wav in Resources */ = {isa = PBXBuildFile; fileRef = 3D7B4D2C1DA56EDF00D0C831 /* cat_meow_6.wav */; };
		3D7B4D341DA56EDF00D0C831 /* cat_meow_7.mp3 in Resources */ = {isa = PBXBuildFile; fileRef = 3D7B4D2D1DA56EDF00D0C831 /* cat_meow_7.mp3 */; };
		3D7B4D3A1DA5A40000D0C831 /* bensound-clearday.mp3 in Resources */ = {isa = PBXBuildFile; fileRef = 3D7B4D361DA5A40000D0C831 /* bensound-clearday.mp3 */; };
		3D7B4D3B1DA5A40000D0C831 /* bensound-jazzcomedy.mp3 in Resources */ = {isa = PBXBuildFile; fileRef = 3D7B4D371DA5A40000D0C831 /* bensound-jazzcomedy.mp3 */; };
		3D7B4D3C1DA5A40000D0C831 /* bensound-jazzyfrenchy.mp3 in Resources */ = {isa = PBXBuildFile; fileRef = 3D7B4D381DA5A40000D0C831 /* bensound-jazzyfrenchy.mp3 */; };
		3D7B4D3D1DA5A40000D0C831 /* bensound-littleidea.mp3 in Resources */ = {isa = PBXBuildFile; fileRef = 3D7B4D391DA5A40000D0C831 /* bensound-littleidea.mp3 */; };
		3D7B4D3F1DA5A43F00D0C831 /* SoundManager.swift in Sources */ = {isa = PBXBuildFile; fileRef = 3D7B4D3E1DA5A43F00D0C831 /* SoundManager.swift */; };
		3D9D23701DA2FA7200736B21 /* AppDelegate.swift in Sources */ = {isa = PBXBuildFile; fileRef = 3D9D236F1DA2FA7200736B21 /* AppDelegate.swift */; };
		3D9D23761DA2FA7200736B21 /* GameScene.swift in Sources */ = {isa = PBXBuildFile; fileRef = 3D9D23751DA2FA7200736B21 /* GameScene.swift */; };
		3D9D23781DA2FA7200736B21 /* GameViewController.swift in Sources */ = {isa = PBXBuildFile; fileRef = 3D9D23771DA2FA7200736B21 /* GameViewController.swift */; };
		3D9D237B1DA2FA7200736B21 /* Main.storyboard in Resources */ = {isa = PBXBuildFile; fileRef = 3D9D23791DA2FA7200736B21 /* Main.storyboard */; };
		3D9D237D1DA2FA7200736B21 /* Assets.xcassets in Resources */ = {isa = PBXBuildFile; fileRef = 3D9D237C1DA2FA7200736B21 /* Assets.xcassets */; };
		3D9D23801DA2FA7200736B21 /* LaunchScreen.storyboard in Resources */ = {isa = PBXBuildFile; fileRef = 3D9D237E1DA2FA7200736B21 /* LaunchScreen.storyboard */; };
/* End PBXBuildFile section */

/* Begin PBXFileReference section */
		3D143A971DA329B300CE3953 /* UmbrellaSprite.swift */ = {isa = PBXFileReference; fileEncoding = 4; lastKnownFileType = sourcecode.swift; name = UmbrellaSprite.swift; path = Sprites/UmbrellaSprite.swift; sourceTree = "<group>"; };
		3D143A9A1DA43FEC00CE3953 /* Constants.swift */ = {isa = PBXFileReference; fileEncoding = 4; lastKnownFileType = sourcecode.swift; name = Constants.swift; path = Support/Constants.swift; sourceTree = "<group>"; };
		3D143A9C1DA44F9600CE3953 /* CatSprite.swift */ = {isa = PBXFileReference; fileEncoding = 4; lastKnownFileType = sourcecode.swift; name = CatSprite.swift; path = Sprites/CatSprite.swift; sourceTree = "<group>"; };
		3D143A9E1DA4792D00CE3953 /* FoodSprite.swift */ = {isa = PBXFileReference; fileEncoding = 4; lastKnownFileType = sourcecode.swift; name = FoodSprite.swift; path = Sprites/FoodSprite.swift; sourceTree = "<group>"; };
		3D5C25DE1DA6CF3A00CDA655 /* Pixel Digivolve.otf */ = {isa = PBXFileReference; lastKnownFileType = file; name = "Pixel Digivolve.otf"; path = "Fonts/Pixel Digivolve.otf"; sourceTree = "<group>"; };
		3D7B4D271DA56EDF00D0C831 /* cat_meow_1.mp3 */ = {isa = PBXFileReference; lastKnownFileType = audio.mp3; name = cat_meow_1.mp3; path = SFX/cat_meow_1.mp3; sourceTree = "<group>"; };
		3D7B4D281DA56EDF00D0C831 /* cat_meow_2.mp3 */ = {isa = PBXFileReference; lastKnownFileType = audio.mp3; name = cat_meow_2.mp3; path = SFX/cat_meow_2.mp3; sourceTree = "<group>"; };
		3D7B4D291DA56EDF00D0C831 /* cat_meow_3.mp3 */ = {isa = PBXFileReference; lastKnownFileType = audio.mp3; name = cat_meow_3.mp3; path = SFX/cat_meow_3.mp3; sourceTree = "<group>"; };
		3D7B4D2A1DA56EDF00D0C831 /* cat_meow_4.mp3 */ = {isa = PBXFileReference; lastKnownFileType = audio.mp3; name = cat_meow_4.mp3; path = SFX/cat_meow_4.mp3; sourceTree = "<group>"; };
		3D7B4D2B1DA56EDF00D0C831 /* cat_meow_5.wav */ = {isa = PBXFileReference; lastKnownFileType = audio.wav; name = cat_meow_5.wav; path = SFX/cat_meow_5.wav; sourceTree = "<group>"; };
		3D7B4D2C1DA56EDF00D0C831 /* cat_meow_6.wav */ = {isa = PBXFileReference; lastKnownFileType = audio.wav; name = cat_meow_6.wav; path = SFX/cat_meow_6.wav; sourceTree = "<group>"; };
		3D7B4D2D1DA56EDF00D0C831 /* cat_meow_7.mp3 */ = {isa = PBXFileReference; lastKnownFileType = audio.mp3; name = cat_meow_7.mp3; path = SFX/cat_meow_7.mp3; sourceTree = "<group>"; };
		3D7B4D361DA5A40000D0C831 /* bensound-clearday.mp3 */ = {isa = PBXFileReference; lastKnownFileType = audio.mp3; name = "bensound-clearday.mp3"; path = "Music/bensound-clearday.mp3"; sourceTree = "<group>"; };
		3D7B4D371DA5A40000D0C831 /* bensound-jazzcomedy.mp3 */ = {isa = PBXFileReference; lastKnownFileType = audio.mp3; name = "bensound-jazzcomedy.mp3"; path = "Music/bensound-jazzcomedy.mp3"; sourceTree = "<group>"; };
		3D7B4D381DA5A40000D0C831 /* bensound-jazzyfrenchy.mp3 */ = {isa = PBXFileReference; lastKnownFileType = audio.mp3; name = "bensound-jazzyfrenchy.mp3"; path = "Music/bensound-jazzyfrenchy.mp3"; sourceTree = "<group>"; };
		3D7B4D391DA5A40000D0C831 /* bensound-littleidea.mp3 */ = {isa = PBXFileReference; lastKnownFileType = audio.mp3; name = "bensound-littleidea.mp3"; path = "Music/bensound-littleidea.mp3"; sourceTree = "<group>"; };
		3D7B4D3E1DA5A43F00D0C831 /* SoundManager.swift */ = {isa = PBXFileReference; fileEncoding = 4; lastKnownFileType = sourcecode.swift; name = SoundManager.swift; path = Support/SoundManager.swift; sourceTree = "<group>"; };
		3D9D236C1DA2FA7200736B21 /* RainCat.app */ = {isa = PBXFileReference; explicitFileType = wrapper.application; includeInIndex = 0; path = RainCat.app; sourceTree = BUILT_PRODUCTS_DIR; };
		3D9D236F1DA2FA7200736B21 /* AppDelegate.swift */ = {isa = PBXFileReference; lastKnownFileType = sourcecode.swift; path = AppDelegate.swift; sourceTree = "<group>"; };
		3D9D23751DA2FA7200736B21 /* GameScene.swift */ = {isa = PBXFileReference; lastKnownFileType = sourcecode.swift; path = GameScene.swift; sourceTree = "<group>"; };
		3D9D23771DA2FA7200736B21 /* GameViewController.swift */ = {isa = PBXFileReference; lastKnownFileType = sourcecode.swift; path = GameViewController.swift; sourceTree = "<group>"; };
		3D9D237A1DA2FA7200736B21 /* Base */ = {isa = PBXFileReference; lastKnownFileType = file.storyboard; name = Base; path = Base.lproj/Main.storyboard; sourceTree = "<group>"; };
		3D9D237C1DA2FA7200736B21 /* Assets.xcassets */ = {isa = PBXFileReference; lastKnownFileType = folder.assetcatalog; path = Assets.xcassets; sourceTree = "<group>"; };
		3D9D237F1DA2FA7200736B21 /* Base */ = {isa = PBXFileReference; lastKnownFileType = file.storyboard; name = Base; path = Base.lproj/LaunchScreen.storyboard; sourceTree = "<group>"; };
		3D9D23811DA2FA7200736B21 /* Info.plist */ = {isa = PBXFileReference; lastKnownFileType = text.plist.xml; path = Info.plist; sourceTree = "<group>"; };
/* End PBXFileReference section */

/* Begin PBXFrameworksBuildPhase section */
		3D9D23691DA2FA7200736B21 /* Frameworks */ = {
			isa = PBXFrameworksBuildPhase;
			buildActionMask = 2147483647;
			files = (
			);
			runOnlyForDeploymentPostprocessing = 0;
		};
/* End PBXFrameworksBuildPhase section */

/* Begin PBXGroup section */
		3D143A941DA3291B00CE3953 /* Scenes */ = {
			isa = PBXGroup;
			children = (
				3D9D23751DA2FA7200736B21 /* GameScene.swift */,
			);
			name = Scenes;
			sourceTree = "<group>";
		};
		3D143A951DA3293F00CE3953 /* ViewControllers */ = {
			isa = PBXGroup;
			children = (
				3D9D23771DA2FA7200736B21 /* GameViewController.swift */,
			);
			name = ViewControllers;
			sourceTree = "<group>";
		};
		3D143A961DA3298C00CE3953 /* Sprites */ = {
			isa = PBXGroup;
			children = (
				3D143A971DA329B300CE3953 /* UmbrellaSprite.swift */,
				3D143A9C1DA44F9600CE3953 /* CatSprite.swift */,
				3D143A9E1DA4792D00CE3953 /* FoodSprite.swift */,
			);
			name = Sprites;
			sourceTree = "<group>";
		};
		3D143A991DA43FA400CE3953 /* Support */ = {
			isa = PBXGroup;
			children = (
				3D5C25DD1DA6CF3000CDA655 /* Fonts */,
				3D7B4D351DA5A3F400D0C831 /* Music */,
				3D7B4D261DA56ED000D0C831 /* SFX */,
				3D9D237C1DA2FA7200736B21 /* Assets.xcassets */,
				3D9D23791DA2FA7200736B21 /* Main.storyboard */,
				3D9D237E1DA2FA7200736B21 /* LaunchScreen.storyboard */,
				3D9D23811DA2FA7200736B21 /* Info.plist */,
				3D143A9A1DA43FEC00CE3953 /* Constants.swift */,
				3D7B4D3E1DA5A43F00D0C831 /* SoundManager.swift */,
			);
			name = Support;
			sourceTree = "<group>";
		};
		3D5C25DD1DA6CF3000CDA655 /* Fonts */ = {
			isa = PBXGroup;
			children = (
				3D5C25DE1DA6CF3A00CDA655 /* Pixel Digivolve.otf */,
			);
			name = Fonts;
			sourceTree = "<group>";
		};
		3D7B4D261DA56ED000D0C831 /* SFX */ = {
			isa = PBXGroup;
			children = (
				3D7B4D271DA56EDF00D0C831 /* cat_meow_1.mp3 */,
				3D7B4D281DA56EDF00D0C831 /* cat_meow_2.mp3 */,
				3D7B4D291DA56EDF00D0C831 /* cat_meow_3.mp3 */,
				3D7B4D2A1DA56EDF00D0C831 /* cat_meow_4.mp3 */,
				3D7B4D2B1DA56EDF00D0C831 /* cat_meow_5.wav */,
				3D7B4D2C1DA56EDF00D0C831 /* cat_meow_6.wav */,
				3D7B4D2D1DA56EDF00D0C831 /* cat_meow_7.mp3 */,
			);
			name = SFX;
			sourceTree = "<group>";
		};
		3D7B4D351DA5A3F400D0C831 /* Music */ = {
			isa = PBXGroup;
			children = (
				3D7B4D361DA5A40000D0C831 /* bensound-clearday.mp3 */,
				3D7B4D371DA5A40000D0C831 /* bensound-jazzcomedy.mp3 */,
				3D7B4D381DA5A40000D0C831 /* bensound-jazzyfrenchy.mp3 */,
				3D7B4D391DA5A40000D0C831 /* bensound-littleidea.mp3 */,
			);
			name = Music;
			sourceTree = "<group>";
		};
		3D9D23631DA2FA7200736B21 = {
			isa = PBXGroup;
			children = (
				3D9D236E1DA2FA7200736B21 /* RainCat */,
				3D9D236D1DA2FA7200736B21 /* Products */,
			);
			sourceTree = "<group>";
		};
		3D9D236D1DA2FA7200736B21 /* Products */ = {
			isa = PBXGroup;
			children = (
				3D9D236C1DA2FA7200736B21 /* RainCat.app */,
			);
			name = Products;
			sourceTree = "<group>";
		};
		3D9D236E1DA2FA7200736B21 /* RainCat */ = {
			isa = PBXGroup;
			children = (
				3D9D236F1DA2FA7200736B21 /* AppDelegate.swift */,
				3D143A961DA3298C00CE3953 /* Sprites */,
				3D143A941DA3291B00CE3953 /* Scenes */,
				3D143A951DA3293F00CE3953 /* ViewControllers */,
				3D143A991DA43FA400CE3953 /* Support */,
			);
			path = RainCat;
			sourceTree = "<group>";
		};
/* End PBXGroup section */

/* Begin PBXNativeTarget section */
		3D9D236B1DA2FA7200736B21 /* RainCat */ = {
			isa = PBXNativeTarget;
			buildConfigurationList = 3D9D23841DA2FA7200736B21 /* Build configuration list for PBXNativeTarget "RainCat" */;
			buildPhases = (
				3D9D23681DA2FA7200736B21 /* Sources */,
				3D9D23691DA2FA7200736B21 /* Frameworks */,
				3D9D236A1DA2FA7200736B21 /* Resources */,
			);
			buildRules = (
			);
			dependencies = (
			);
			name = RainCat;
			productName = RainCat;
			productReference = 3D9D236C1DA2FA7200736B21 /* RainCat.app */;
			productType = "com.apple.product-type.application";
		};
/* End PBXNativeTarget section */

/* Begin PBXProject section */
		3D9D23641DA2FA7200736B21 /* Project object */ = {
			isa = PBXProject;
			attributes = {
				LastSwiftUpdateCheck = 0800;
				LastUpgradeCheck = 0800;
				ORGANIZATIONNAME = "Amy Joscelyn";
				TargetAttributes = {
					3D9D236B1DA2FA7200736B21 = {
						CreatedOnToolsVersion = 8.0;
						DevelopmentTeam = 356QF5S3U7;
						ProvisioningStyle = Automatic;
					};
				};
			};
			buildConfigurationList = 3D9D23671DA2FA7200736B21 /* Build configuration list for PBXProject "RainCat" */;
			compatibilityVersion = "Xcode 3.2";
			developmentRegion = English;
			hasScannedForEncodings = 0;
			knownRegions = (
				en,
				Base,
			);
			mainGroup = 3D9D23631DA2FA7200736B21;
			productRefGroup = 3D9D236D1DA2FA7200736B21 /* Products */;
			projectDirPath = "";
			projectRoot = "";
			targets = (
				3D9D236B1DA2FA7200736B21 /* RainCat */,
			);
		};
/* End PBXProject section */

/* Begin PBXResourcesBuildPhase section */
		3D9D236A1DA2FA7200736B21 /* Resources */ = {
			isa = PBXResourcesBuildPhase;
			buildActionMask = 2147483647;
			files = (
				3D7B4D3A1DA5A40000D0C831 /* bensound-clearday.mp3 in Resources */,
				3D7B4D3C1DA5A40000D0C831 /* bensound-jazzyfrenchy.mp3 in Resources */,
				3D7B4D311DA56EDF00D0C831 /* cat_meow_4.mp3 in Resources */,
				3D9D237B1DA2FA7200736B21 /* Main.storyboard in Resources */,
				3D9D237D1DA2FA7200736B21 /* Assets.xcassets in Resources */,
				3D7B4D3B1DA5A40000D0C831 /* bensound-jazzcomedy.mp3 in Resources */,
				3D7B4D2F1DA56EDF00D0C831 /* cat_meow_2.mp3 in Resources */,
				3D7B4D301DA56EDF00D0C831 /* cat_meow_3.mp3 in Resources */,
				3D7B4D321DA56EDF00D0C831 /* cat_meow_5.wav in Resources */,
				3D9D23801DA2FA7200736B21 /* LaunchScreen.storyboard in Resources */,
				3D5C25DF1DA6CF3A00CDA655 /* Pixel Digivolve.otf in Resources */,
				3D7B4D341DA56EDF00D0C831 /* cat_meow_7.mp3 in Resources */,
				3D7B4D3D1DA5A40000D0C831 /* bensound-littleidea.mp3 in Resources */,
				3D7B4D331DA56EDF00D0C831 /* cat_meow_6.wav in Resources */,
				3D7B4D2E1DA56EDF00D0C831 /* cat_meow_1.mp3 in Resources */,
			);
			runOnlyForDeploymentPostprocessing = 0;
		};
/* End PBXResourcesBuildPhase section */

/* Begin PBXSourcesBuildPhase section */
		3D9D23681DA2FA7200736B21 /* Sources */ = {
			isa = PBXSourcesBuildPhase;
			buildActionMask = 2147483647;
			files = (
				3D143A9B1DA43FEC00CE3953 /* Constants.swift in Sources */,
				3D7B4D3F1DA5A43F00D0C831 /* SoundManager.swift in Sources */,
				3D9D23761DA2FA7200736B21 /* GameScene.swift in Sources */,
				3D9D23781DA2FA7200736B21 /* GameViewController.swift in Sources */,
				3D143A9F1DA4792D00CE3953 /* FoodSprite.swift in Sources */,
				3D143A9D1DA44F9600CE3953 /* CatSprite.swift in Sources */,
				3D143A981DA329B300CE3953 /* UmbrellaSprite.swift in Sources */,
				3D9D23701DA2FA7200736B21 /* AppDelegate.swift in Sources */,
			);
			runOnlyForDeploymentPostprocessing = 0;
		};
/* End PBXSourcesBuildPhase section */

/* Begin PBXVariantGroup section */
		3D9D23791DA2FA7200736B21 /* Main.storyboard */ = {
			isa = PBXVariantGroup;
			children = (
				3D9D237A1DA2FA7200736B21 /* Base */,
			);
			name = Main.storyboard;
			sourceTree = "<group>";
		};
		3D9D237E1DA2FA7200736B21 /* LaunchScreen.storyboard */ = {
			isa = PBXVariantGroup;
			children = (
				3D9D237F1DA2FA7200736B21 /* Base */,
			);
			name = LaunchScreen.storyboard;
			sourceTree = "<group>";
		};
/* End PBXVariantGroup section */

/* Begin XCBuildConfiguration section */
		3D9D23821DA2FA7200736B21 /* Debug */ = {
			isa = XCBuildConfiguration;
			buildSettings = {
				ALWAYS_SEARCH_USER_PATHS = NO;
				CLANG_ANALYZER_NONNULL = YES;
				CLANG_CXX_LANGUAGE_STANDARD = "gnu++0x";
				CLANG_CXX_LIBRARY = "libc++";
				CLANG_ENABLE_MODULES = YES;
				CLANG_ENABLE_OBJC_ARC = YES;
				CLANG_WARN_BOOL_CONVERSION = YES;
				CLANG_WARN_CONSTANT_CONVERSION = YES;
				CLANG_WARN_DIRECT_OBJC_ISA_USAGE = YES_ERROR;
				CLANG_WARN_DOCUMENTATION_COMMENTS = YES;
				CLANG_WARN_EMPTY_BODY = YES;
				CLANG_WARN_ENUM_CONVERSION = YES;
				CLANG_WARN_INFINITE_RECURSION = YES;
				CLANG_WARN_INT_CONVERSION = YES;
				CLANG_WARN_OBJC_ROOT_CLASS = YES_ERROR;
				CLANG_WARN_SUSPICIOUS_MOVES = YES;
				CLANG_WARN_UNREACHABLE_CODE = YES;
				CLANG_WARN__DUPLICATE_METHOD_MATCH = YES;
				"CODE_SIGN_IDENTITY[sdk=iphoneos*]" = "iPhone Developer";
				COPY_PHASE_STRIP = NO;
				DEBUG_INFORMATION_FORMAT = dwarf;
				ENABLE_STRICT_OBJC_MSGSEND = YES;
				ENABLE_TESTABILITY = YES;
				GCC_C_LANGUAGE_STANDARD = gnu99;
				GCC_DYNAMIC_NO_PIC = NO;
				GCC_NO_COMMON_BLOCKS = YES;
				GCC_OPTIMIZATION_LEVEL = 0;
				GCC_PREPROCESSOR_DEFINITIONS = (
					"DEBUG=1",
					"$(inherited)",
				);
				GCC_WARN_64_TO_32_BIT_CONVERSION = YES;
				GCC_WARN_ABOUT_RETURN_TYPE = YES_ERROR;
				GCC_WARN_UNDECLARED_SELECTOR = YES;
				GCC_WARN_UNINITIALIZED_AUTOS = YES_AGGRESSIVE;
				GCC_WARN_UNUSED_FUNCTION = YES;
				GCC_WARN_UNUSED_VARIABLE = YES;
				IPHONEOS_DEPLOYMENT_TARGET = 10.0;
				MTL_ENABLE_DEBUG_INFO = YES;
				ONLY_ACTIVE_ARCH = YES;
				SDKROOT = iphoneos;
				SWIFT_ACTIVE_COMPILATION_CONDITIONS = DEBUG;
				SWIFT_OPTIMIZATION_LEVEL = "-Onone";
			};
			name = Debug;
		};
		3D9D23831DA2FA7200736B21 /* Release */ = {
			isa = XCBuildConfiguration;
			buildSettings = {
				ALWAYS_SEARCH_USER_PATHS = NO;
				CLANG_ANALYZER_NONNULL = YES;
				CLANG_CXX_LANGUAGE_STANDARD = "gnu++0x";
				CLANG_CXX_LIBRARY = "libc++";
				CLANG_ENABLE_MODULES = YES;
				CLANG_ENABLE_OBJC_ARC = YES;
				CLANG_WARN_BOOL_CONVERSION = YES;
				CLANG_WARN_CONSTANT_CONVERSION = YES;
				CLANG_WARN_DIRECT_OBJC_ISA_USAGE = YES_ERROR;
				CLANG_WARN_DOCUMENTATION_COMMENTS = YES;
				CLANG_WARN_EMPTY_BODY = YES;
				CLANG_WARN_ENUM_CONVERSION = YES;
				CLANG_WARN_INFINITE_RECURSION = YES;
				CLANG_WARN_INT_CONVERSION = YES;
				CLANG_WARN_OBJC_ROOT_CLASS = YES_ERROR;
				CLANG_WARN_SUSPICIOUS_MOVES = YES;
				CLANG_WARN_UNREACHABLE_CODE = YES;
				CLANG_WARN__DUPLICATE_METHOD_MATCH = YES;
				"CODE_SIGN_IDENTITY[sdk=iphoneos*]" = "iPhone Developer";
				COPY_PHASE_STRIP = NO;
				DEBUG_INFORMATION_FORMAT = "dwarf-with-dsym";
				ENABLE_NS_ASSERTIONS = NO;
				ENABLE_STRICT_OBJC_MSGSEND = YES;
				GCC_C_LANGUAGE_STANDARD = gnu99;
				GCC_NO_COMMON_BLOCKS = YES;
				GCC_WARN_64_TO_32_BIT_CONVERSION = YES;
				GCC_WARN_ABOUT_RETURN_TYPE = YES_ERROR;
				GCC_WARN_UNDECLARED_SELECTOR = YES;
				GCC_WARN_UNINITIALIZED_AUTOS = YES_AGGRESSIVE;
				GCC_WARN_UNUSED_FUNCTION = YES;
				GCC_WARN_UNUSED_VARIABLE = YES;
				IPHONEOS_DEPLOYMENT_TARGET = 10.0;
				MTL_ENABLE_DEBUG_INFO = NO;
				SDKROOT = iphoneos;
				SWIFT_OPTIMIZATION_LEVEL = "-Owholemodule";
				VALIDATE_PRODUCT = YES;
			};
			name = Release;
		};
		3D9D23851DA2FA7200736B21 /* Debug */ = {
			isa = XCBuildConfiguration;
			buildSettings = {
				ASSETCATALOG_COMPILER_APPICON_NAME = AppIcon;
				DEVELOPMENT_TEAM = 356QF5S3U7;
				INFOPLIST_FILE = RainCat/Info.plist;
				IPHONEOS_DEPLOYMENT_TARGET = 10.0;
				LD_RUNPATH_SEARCH_PATHS = "$(inherited) @executable_path/Frameworks";
				PRODUCT_BUNDLE_IDENTIFIER = com.amyjoscelyn.RainCat;
				PRODUCT_NAME = "$(TARGET_NAME)";
				SWIFT_VERSION = 3.0;
			};
			name = Debug;
		};
		3D9D23861DA2FA7200736B21 /* Release */ = {
			isa = XCBuildConfiguration;
			buildSettings = {
				ASSETCATALOG_COMPILER_APPICON_NAME = AppIcon;
				DEVELOPMENT_TEAM = 356QF5S3U7;
				INFOPLIST_FILE = RainCat/Info.plist;
				IPHONEOS_DEPLOYMENT_TARGET = 10.0;
				LD_RUNPATH_SEARCH_PATHS = "$(inherited) @executable_path/Frameworks";
				PRODUCT_BUNDLE_IDENTIFIER = com.amyjoscelyn.RainCat;
				PRODUCT_NAME = "$(TARGET_NAME)";
				SWIFT_VERSION = 3.0;
			};
			name = Release;
		};
/* End XCBuildConfiguration section */

/* Begin XCConfigurationList section */
		3D9D23671DA2FA7200736B21 /* Build configuration list for PBXProject "RainCat" */ = {
			isa = XCConfigurationList;
			buildConfigurations = (
				3D9D23821DA2FA7200736B21 /* Debug */,
				3D9D23831DA2FA7200736B21 /* Release */,
			);
			defaultConfigurationIsVisible = 0;
			defaultConfigurationName = Release;
		};
		3D9D23841DA2FA7200736B21 /* Build configuration list for PBXNativeTarget "RainCat" */ = {
			isa = XCConfigurationList;
			buildConfigurations = (
				3D9D23851DA2FA7200736B21 /* Debug */,
				3D9D23861DA2FA7200736B21 /* Release */,
			);
			defaultConfigurationIsVisible = 0;
			defaultConfigurationName = Release;
		};
/* End XCConfigurationList section */
	};
	rootObject = 3D9D23641DA2FA7200736B21 /* Project object */;
}
